
Microsoft Visual Studio Solution File, Format Version 12.00
# Visual Studio Version 17
VisualStudioVersion = 17.1.32228.430
MinimumVisualStudioVersion = 10.0.40219.1
Project("{2150E333-8FDC-42A3-9474-1A3956D46DE8}") = "Solution Items", "Solution Items", "{9587A7A5-3725-4609-BEAB-ECF7A44793AB}"
	ProjectSection(SolutionItems) = preProject
		CODE-OF-CONDUCT.md = CODE-OF-CONDUCT.md
		.github\workflows\PackageDeploy.Rystem.Concurrency.yml = .github\workflows\PackageDeploy.Rystem.Concurrency.yml
		README.md = README.md
	EndProjectSection
EndProject
Project("{9A19103F-16F7-4668-BE54-9A1E7A4F7556}") = "Rystem.XUnitTest", "src\Rystem.XUnitTest\Rystem.XUnitTest.csproj", "{3498D833-FC67-41F6-9360-AB2E600C9A68}"
EndProject
Project("{9A19103F-16F7-4668-BE54-9A1E7A4F7556}") = "Rystem.XUnitTest.UnitTest", "src\Test\Rystem.XUnitTest.UnitTest\Rystem.XUnitTest.UnitTest.csproj", "{456E7206-0062-49B6-97B9-16E83300D5FD}"
EndProject
Project("{2150E333-8FDC-42A3-9474-1A3956D46DE8}") = "Test", "Test", "{D99BF031-948E-46DE-BE49-E75C70EEEE91}"
EndProject
Global
	GlobalSection(SolutionConfigurationPlatforms) = preSolution
		Debug|Any CPU = Debug|Any CPU
		Release|Any CPU = Release|Any CPU
	EndGlobalSection
	GlobalSection(ProjectConfigurationPlatforms) = postSolution
		{3498D833-FC67-41F6-9360-AB2E600C9A68}.Debug|Any CPU.ActiveCfg = Debug|Any CPU
		{3498D833-FC67-41F6-9360-AB2E600C9A68}.Debug|Any CPU.Build.0 = Debug|Any CPU
		{3498D833-FC67-41F6-9360-AB2E600C9A68}.Release|Any CPU.ActiveCfg = Release|Any CPU
		{3498D833-FC67-41F6-9360-AB2E600C9A68}.Release|Any CPU.Build.0 = Release|Any CPU
		{456E7206-0062-49B6-97B9-16E83300D5FD}.Debug|Any CPU.ActiveCfg = Debug|Any CPU
		{456E7206-0062-49B6-97B9-16E83300D5FD}.Debug|Any CPU.Build.0 = Debug|Any CPU
		{456E7206-0062-49B6-97B9-16E83300D5FD}.Release|Any CPU.ActiveCfg = Release|Any CPU
		{456E7206-0062-49B6-97B9-16E83300D5FD}.Release|Any CPU.Build.0 = Release|Any CPU
	EndGlobalSection
	GlobalSection(SolutionProperties) = preSolution
		HideSolutionNode = FALSE
	EndGlobalSection
	GlobalSection(NestedProjects) = preSolution
		{456E7206-0062-49B6-97B9-16E83300D5FD} = {D99BF031-948E-46DE-BE49-E75C70EEEE91}
	EndGlobalSection
	GlobalSection(ExtensibilityGlobals) = postSolution
		SolutionGuid = {12F8263F-3610-408E-9C9D-32B5AE0C8A8A}
	EndGlobalSection
EndGlobal
